
Microsoft Visual Studio Solution File, Format Version 12.00
# Visual Studio Version 16
VisualStudioVersion = 16.0.31727.386
MinimumVisualStudioVersion = 10.0.40219.1
Project("{FAE04EC0-301F-11D3-BF4B-00C04F79EFBC}") = "dev_rus", "dev_rus\dev_rus.csproj", "{693E7107-355A-4EDA-97C6-D98428C26960}"
EndProject
Global
	GlobalSection(SolutionConfigurationPlatforms) = preSolution
		Debug|Any CPU = Debug|Any CPU
		Release|Any CPU = Release|Any CPU
	EndGlobalSection
	GlobalSection(ProjectConfigurationPlatforms) = postSolution
		{693E7107-355A-4EDA-97C6-D98428C26960}.Debug|Any CPU.ActiveCfg = Debug|Any CPU
		{693E7107-355A-4EDA-97C6-D98428C26960}.Debug|Any CPU.Build.0 = Debug|Any CPU
		{693E7107-355A-4EDA-97C6-D98428C26960}.Release|Any CPU.ActiveCfg = Release|Any CPU
		{693E7107-355A-4EDA-97C6-D98428C26960}.Release|Any CPU.Build.0 = Release|Any CPU
	EndGlobalSection
	GlobalSection(SolutionProperties) = preSolution
		HideSolutionNode = FALSE
	EndGlobalSection
	GlobalSection(ExtensibilityGlobals) = postSolution
		SolutionGuid = {1C991EB8-E270-4CB3-9262-FEF284CEAC01}
	EndGlobalSection
EndGlobal
